// !$*UTF8*$!
{
	archiveVersion = 1;
	classes = {
	};
	objectVersion = 77;
	objects = {

/* Begin PBXBuildFile section */
		52EDAC942E0BF7580005502B /* Bloc in Frameworks */ = {isa = PBXBuildFile; productRef = 52EDAC932E0BF7580005502B /* Bloc */; };
		52EED43C2E0C3943008FE551 /* Bloc in Frameworks */ = {isa = PBXBuildFile; productRef = 52EED43B2E0C3943008FE551 /* Bloc */; };
		BA16EBB52E0C9A19009F9372 /* Alamofire in Frameworks */ = {isa = PBXBuildFile; productRef = BA16EBB42E0C9A19009F9372 /* Alamofire */; };
		BA16EBB82E0C9A50009F9372 /* Pulse in Frameworks */ = {isa = PBXBuildFile; productRef = BA16EBB72E0C9A50009F9372 /* Pulse */; };
/* End PBXBuildFile section */

/* Begin PBXContainerItemProxy section */
		BAB04ECF2DC00BCD0045546E /* PBXContainerItemProxy */ = {
			isa = PBXContainerItemProxy;
			containerPortal = BAB04EB82DC00BCC0045546E /* Project object */;
			proxyType = 1;
			remoteGlobalIDString = BAB04EBF2DC00BCC0045546E;
			remoteInfo = BlocProject;
		};
		BAB04ED92DC00BCD0045546E /* PBXContainerItemProxy */ = {
			isa = PBXContainerItemProxy;
			containerPortal = BAB04EB82DC00BCC0045546E /* Project object */;
			proxyType = 1;
			remoteGlobalIDString = BAB04EBF2DC00BCC0045546E;
			remoteInfo = BlocProject;
		};
/* End PBXContainerItemProxy section */

/* Begin PBXFileReference section */
		BAB04EC02DC00BCC0045546E /* BlocProject.app */ = {isa = PBXFileReference; explicitFileType = wrapper.application; includeInIndex = 0; path = BlocProject.app; sourceTree = BUILT_PRODUCTS_DIR; };
		BAB04ECE2DC00BCD0045546E /* BlocProjectTests.xctest */ = {isa = PBXFileReference; explicitFileType = wrapper.cfbundle; includeInIndex = 0; path = BlocProjectTests.xctest; sourceTree = BUILT_PRODUCTS_DIR; };
		BAB04ED82DC00BCD0045546E /* BlocProjectUITests.xctest */ = {isa = PBXFileReference; explicitFileType = wrapper.cfbundle; includeInIndex = 0; path = BlocProjectUITests.xctest; sourceTree = BUILT_PRODUCTS_DIR; };
/* End PBXFileReference section */

/* Begin PBXFileSystemSynchronizedRootGroup section */
		BAB04EC22DC00BCC0045546E /* BlocProject */ = {
			isa = PBXFileSystemSynchronizedRootGroup;
			path = BlocProject;
			sourceTree = "<group>";
		};
		BAB04ED12DC00BCD0045546E /* BlocProjectTests */ = {
			isa = PBXFileSystemSynchronizedRootGroup;
			path = BlocProjectTests;
			sourceTree = "<group>";
		};
		BAB04EDB2DC00BCD0045546E /* BlocProjectUITests */ = {
			isa = PBXFileSystemSynchronizedRootGroup;
			path = BlocProjectUITests;
			sourceTree = "<group>";
		};
/* End PBXFileSystemSynchronizedRootGroup section */

/* Begin PBXFrameworksBuildPhase section */
		BAB04EBD2DC00BCC0045546E /* Frameworks */ = {
			isa = PBXFrameworksBuildPhase;
			buildActionMask = 2147483647;
			files = (
				BA16EBB52E0C9A19009F9372 /* Alamofire in Frameworks */,
				52EED43C2E0C3943008FE551 /* Bloc in Frameworks */,
				BA16EBB82E0C9A50009F9372 /* Pulse in Frameworks */,
				52EDAC942E0BF7580005502B /* Bloc in Frameworks */,
			);
			runOnlyForDeploymentPostprocessing = 0;
		};
		BAB04ECB2DC00BCD0045546E /* Frameworks */ = {
			isa = PBXFrameworksBuildPhase;
			buildActionMask = 2147483647;
			files = (
			);
			runOnlyForDeploymentPostprocessing = 0;
		};
		BAB04ED52DC00BCD0045546E /* Frameworks */ = {
			isa = PBXFrameworksBuildPhase;
			buildActionMask = 2147483647;
			files = (
			);
			runOnlyForDeploymentPostprocessing = 0;
		};
/* End PBXFrameworksBuildPhase section */

/* Begin PBXGroup section */
		BAB04EB72DC00BCC0045546E = {
			isa = PBXGroup;
			children = (
				BAB04EC22DC00BCC0045546E /* BlocProject */,
				BAB04ED12DC00BCD0045546E /* BlocProjectTests */,
				BAB04EDB2DC00BCD0045546E /* BlocProjectUITests */,
				BAB04EC12DC00BCC0045546E /* Products */,
			);
			sourceTree = "<group>";
		};
		BAB04EC12DC00BCC0045546E /* Products */ = {
			isa = PBXGroup;
			children = (
				BAB04EC02DC00BCC0045546E /* BlocProject.app */,
				BAB04ECE2DC00BCD0045546E /* BlocProjectTests.xctest */,
				BAB04ED82DC00BCD0045546E /* BlocProjectUITests.xctest */,
			);
			name = Products;
			sourceTree = "<group>";
		};
/* End PBXGroup section */

/* Begin PBXNativeTarget section */
		BAB04EBF2DC00BCC0045546E /* BlocProject */ = {
			isa = PBXNativeTarget;
			buildConfigurationList = BAB04EE22DC00BCD0045546E /* Build configuration list for PBXNativeTarget "BlocProject" */;
			buildPhases = (
				BAB04EBC2DC00BCC0045546E /* Sources */,
				BAB04EBD2DC00BCC0045546E /* Frameworks */,
				BAB04EBE2DC00BCC0045546E /* Resources */,
			);
			buildRules = (
			);
			dependencies = (
			);
			fileSystemSynchronizedGroups = (
				BAB04EC22DC00BCC0045546E /* BlocProject */,
			);
			name = BlocProject;
			packageProductDependencies = (
				52EDAC932E0BF7580005502B /* Bloc */,
				52EED43B2E0C3943008FE551 /* Bloc */,
				BA16EBB42E0C9A19009F9372 /* Alamofire */,
				BA16EBB72E0C9A50009F9372 /* Pulse */,
			);
			productName = BlocProject;
			productReference = BAB04EC02DC00BCC0045546E /* BlocProject.app */;
			productType = "com.apple.product-type.application";
		};
		BAB04ECD2DC00BCD0045546E /* BlocProjectTests */ = {
			isa = PBXNativeTarget;
			buildConfigurationList = BAB04EE52DC00BCD0045546E /* Build configuration list for PBXNativeTarget "BlocProjectTests" */;
			buildPhases = (
				BAB04ECA2DC00BCD0045546E /* Sources */,
				BAB04ECB2DC00BCD0045546E /* Frameworks */,
				BAB04ECC2DC00BCD0045546E /* Resources */,
			);
			buildRules = (
			);
			dependencies = (
				BAB04ED02DC00BCD0045546E /* PBXTargetDependency */,
			);
			fileSystemSynchronizedGroups = (
				BAB04ED12DC00BCD0045546E /* BlocProjectTests */,
			);
			name = BlocProjectTests;
			packageProductDependencies = (
			);
			productName = BlocProjectTests;
			productReference = BAB04ECE2DC00BCD0045546E /* BlocProjectTests.xctest */;
			productType = "com.apple.product-type.bundle.unit-test";
		};
		BAB04ED72DC00BCD0045546E /* BlocProjectUITests */ = {
			isa = PBXNativeTarget;
			buildConfigurationList = BAB04EE82DC00BCD0045546E /* Build configuration list for PBXNativeTarget "BlocProjectUITests" */;
			buildPhases = (
				BAB04ED42DC00BCD0045546E /* Sources */,
				BAB04ED52DC00BCD0045546E /* Frameworks */,
				BAB04ED62DC00BCD0045546E /* Resources */,
			);
			buildRules = (
			);
			dependencies = (
				BAB04EDA2DC00BCD0045546E /* PBXTargetDependency */,
			);
			fileSystemSynchronizedGroups = (
				BAB04EDB2DC00BCD0045546E /* BlocProjectUITests */,
			);
			name = BlocProjectUITests;
			packageProductDependencies = (
			);
			productName = BlocProjectUITests;
			productReference = BAB04ED82DC00BCD0045546E /* BlocProjectUITests.xctest */;
			productType = "com.apple.product-type.bundle.ui-testing";
		};
/* End PBXNativeTarget section */

/* Begin PBXProject section */
		BAB04EB82DC00BCC0045546E /* Project object */ = {
			isa = PBXProject;
			attributes = {
				BuildIndependentTargetsInParallel = 1;
				LastSwiftUpdateCheck = 1630;
				LastUpgradeCheck = 1630;
				TargetAttributes = {
					BAB04EBF2DC00BCC0045546E = {
						CreatedOnToolsVersion = 16.3;
					};
					BAB04ECD2DC00BCD0045546E = {
						CreatedOnToolsVersion = 16.3;
						TestTargetID = BAB04EBF2DC00BCC0045546E;
					};
					BAB04ED72DC00BCD0045546E = {
						CreatedOnToolsVersion = 16.3;
						TestTargetID = BAB04EBF2DC00BCC0045546E;
					};
				};
			};
			buildConfigurationList = BAB04EBB2DC00BCC0045546E /* Build configuration list for PBXProject "BlocProject" */;
			developmentRegion = en;
			hasScannedForEncodings = 0;
			knownRegions = (
				en,
				Base,
			);
			mainGroup = BAB04EB72DC00BCC0045546E;
			minimizedProjectReferenceProxies = 1;
			packageReferences = (
				52EED43A2E0C3943008FE551 /* XCLocalSwiftPackageReference "Bloc" */,
				BA16EBB32E0C9A19009F9372 /* XCRemoteSwiftPackageReference "Alamofire" */,
				BA16EBB62E0C9A50009F9372 /* XCRemoteSwiftPackageReference "Pulse" */,
			);
			preferredProjectObjectVersion = 77;
			productRefGroup = BAB04EC12DC00BCC0045546E /* Products */;
			projectDirPath = "";
			projectRoot = "";
			targets = (
				BAB04EBF2DC00BCC0045546E /* BlocProject */,
				BAB04ECD2DC00BCD0045546E /* BlocProjectTests */,
				BAB04ED72DC00BCD0045546E /* BlocProjectUITests */,
			);
		};
/* End PBXProject section */

/* Begin PBXResourcesBuildPhase section */
		BAB04EBE2DC00BCC0045546E /* Resources */ = {
			isa = PBXResourcesBuildPhase;
			buildActionMask = 2147483647;
			files = (
			);
			runOnlyForDeploymentPostprocessing = 0;
		};
		BAB04ECC2DC00BCD0045546E /* Resources */ = {
			isa = PBXResourcesBuildPhase;
			buildActionMask = 2147483647;
			files = (
			);
			runOnlyForDeploymentPostprocessing = 0;
		};
		BAB04ED62DC00BCD0045546E /* Resources */ = {
			isa = PBXResourcesBuildPhase;
			buildActionMask = 2147483647;
			files = (
			);
			runOnlyForDeploymentPostprocessing = 0;
		};
/* End PBXResourcesBuildPhase section */

/* Begin PBXSourcesBuildPhase section */
		BAB04EBC2DC00BCC0045546E /* Sources */ = {
			isa = PBXSourcesBuildPhase;
			buildActionMask = 2147483647;
			files = (
			);
			runOnlyForDeploymentPostprocessing = 0;
		};
		BAB04ECA2DC00BCD0045546E /* Sources */ = {
			isa = PBXSourcesBuildPhase;
			buildActionMask = 2147483647;
			files = (
			);
			runOnlyForDeploymentPostprocessing = 0;
		};
		BAB04ED42DC00BCD0045546E /* Sources */ = {
			isa = PBXSourcesBuildPhase;
			buildActionMask = 2147483647;
			files = (
			);
			runOnlyForDeploymentPostprocessing = 0;
		};
/* End PBXSourcesBuildPhase section */

/* Begin PBXTargetDependency section */
		BAB04ED02DC00BCD0045546E /* PBXTargetDependency */ = {
			isa = PBXTargetDependency;
			target = BAB04EBF2DC00BCC0045546E /* BlocProject */;
			targetProxy = BAB04ECF2DC00BCD0045546E /* PBXContainerItemProxy */;
		};
		BAB04EDA2DC00BCD0045546E /* PBXTargetDependency */ = {
			isa = PBXTargetDependency;
			target = BAB04EBF2DC00BCC0045546E /* BlocProject */;
			targetProxy = BAB04ED92DC00BCD0045546E /* PBXContainerItemProxy */;
		};
/* End PBXTargetDependency section */

/* Begin XCBuildConfiguration section */
		BAB04EE02DC00BCD0045546E /* Debug */ = {
			isa = XCBuildConfiguration;
			buildSettings = {
				ALWAYS_SEARCH_USER_PATHS = NO;
				ASSETCATALOG_COMPILER_GENERATE_SWIFT_ASSET_SYMBOL_EXTENSIONS = YES;
				CLANG_ANALYZER_NONNULL = YES;
				CLANG_ANALYZER_NUMBER_OBJECT_CONVERSION = YES_AGGRESSIVE;
				CLANG_CXX_LANGUAGE_STANDARD = "gnu++20";
				CLANG_ENABLE_MODULES = YES;
				CLANG_ENABLE_OBJC_ARC = YES;
				CLANG_ENABLE_OBJC_WEAK = YES;
				CLANG_WARN_BLOCK_CAPTURE_AUTORELEASING = YES;
				CLANG_WARN_BOOL_CONVERSION = YES;
				CLANG_WARN_COMMA = YES;
				CLANG_WARN_CONSTANT_CONVERSION = YES;
				CLANG_WARN_DEPRECATED_OBJC_IMPLEMENTATIONS = YES;
				CLANG_WARN_DIRECT_OBJC_ISA_USAGE = YES_ERROR;
				CLANG_WARN_DOCUMENTATION_COMMENTS = YES;
				CLANG_WARN_EMPTY_BODY = YES;
				CLANG_WARN_ENUM_CONVERSION = YES;
				CLANG_WARN_INFINITE_RECURSION = YES;
				CLANG_WARN_INT_CONVERSION = YES;
				CLANG_WARN_NON_LITERAL_NULL_CONVERSION = YES;
				CLANG_WARN_OBJC_IMPLICIT_RETAIN_SELF = YES;
				CLANG_WARN_OBJC_LITERAL_CONVERSION = YES;
				CLANG_WARN_OBJC_ROOT_CLASS = YES_ERROR;
				CLANG_WARN_QUOTED_INCLUDE_IN_FRAMEWORK_HEADER = YES;
				CLANG_WARN_RANGE_LOOP_ANALYSIS = YES;
				CLANG_WARN_STRICT_PROTOTYPES = YES;
				CLANG_WARN_SUSPICIOUS_MOVE = YES;
				CLANG_WARN_UNGUARDED_AVAILABILITY = YES_AGGRESSIVE;
				CLANG_WARN_UNREACHABLE_CODE = YES;
				CLANG_WARN__DUPLICATE_METHOD_MATCH = YES;
				COPY_PHASE_STRIP = NO;
				DEBUG_INFORMATION_FORMAT = dwarf;
				DEVELOPMENT_TEAM = RA662LA7JS;
				ENABLE_STRICT_OBJC_MSGSEND = YES;
				ENABLE_TESTABILITY = YES;
				ENABLE_USER_SCRIPT_SANDBOXING = YES;
				GCC_C_LANGUAGE_STANDARD = gnu17;
				GCC_DYNAMIC_NO_PIC = NO;
				GCC_NO_COMMON_BLOCKS = YES;
				GCC_OPTIMIZATION_LEVEL = 0;
				GCC_PREPROCESSOR_DEFINITIONS = (
					"DEBUG=1",
					"$(inherited)",
				);
				GCC_WARN_64_TO_32_BIT_CONVERSION = YES;
				GCC_WARN_ABOUT_RETURN_TYPE = YES_ERROR;
				GCC_WARN_UNDECLARED_SELECTOR = YES;
				GCC_WARN_UNINITIALIZED_AUTOS = YES_AGGRESSIVE;
				GCC_WARN_UNUSED_FUNCTION = YES;
				GCC_WARN_UNUSED_VARIABLE = YES;
				LOCALIZATION_PREFERS_STRING_CATALOGS = YES;
				MTL_ENABLE_DEBUG_INFO = INCLUDE_SOURCE;
				MTL_FAST_MATH = YES;
				ONLY_ACTIVE_ARCH = YES;
				SWIFT_ACTIVE_COMPILATION_CONDITIONS = "DEBUG $(inherited)";
				SWIFT_OPTIMIZATION_LEVEL = "-Onone";
			};
			name = Debug;
		};
		BAB04EE12DC00BCD0045546E /* Release */ = {
			isa = XCBuildConfiguration;
			buildSettings = {
				ALWAYS_SEARCH_USER_PATHS = NO;
				ASSETCATALOG_COMPILER_GENERATE_SWIFT_ASSET_SYMBOL_EXTENSIONS = YES;
				CLANG_ANALYZER_NONNULL = YES;
				CLANG_ANALYZER_NUMBER_OBJECT_CONVERSION = YES_AGGRESSIVE;
				CLANG_CXX_LANGUAGE_STANDARD = "gnu++20";
				CLANG_ENABLE_MODULES = YES;
				CLANG_ENABLE_OBJC_ARC = YES;
				CLANG_ENABLE_OBJC_WEAK = YES;
				CLANG_WARN_BLOCK_CAPTURE_AUTORELEASING = YES;
				CLANG_WARN_BOOL_CONVERSION = YES;
				CLANG_WARN_COMMA = YES;
				CLANG_WARN_CONSTANT_CONVERSION = YES;
				CLANG_WARN_DEPRECATED_OBJC_IMPLEMENTATIONS = YES;
				CLANG_WARN_DIRECT_OBJC_ISA_USAGE = YES_ERROR;
				CLANG_WARN_DOCUMENTATION_COMMENTS = YES;
				CLANG_WARN_EMPTY_BODY = YES;
				CLANG_WARN_ENUM_CONVERSION = YES;
				CLANG_WARN_INFINITE_RECURSION = YES;
				CLANG_WARN_INT_CONVERSION = YES;
				CLANG_WARN_NON_LITERAL_NULL_CONVERSION = YES;
				CLANG_WARN_OBJC_IMPLICIT_RETAIN_SELF = YES;
				CLANG_WARN_OBJC_LITERAL_CONVERSION = YES;
				CLANG_WARN_OBJC_ROOT_CLASS = YES_ERROR;
				CLANG_WARN_QUOTED_INCLUDE_IN_FRAMEWORK_HEADER = YES;
				CLANG_WARN_RANGE_LOOP_ANALYSIS = YES;
				CLANG_WARN_STRICT_PROTOTYPES = YES;
				CLANG_WARN_SUSPICIOUS_MOVE = YES;
				CLANG_WARN_UNGUARDED_AVAILABILITY = YES_AGGRESSIVE;
				CLANG_WARN_UNREACHABLE_CODE = YES;
				CLANG_WARN__DUPLICATE_METHOD_MATCH = YES;
				COPY_PHASE_STRIP = NO;
				DEBUG_INFORMATION_FORMAT = "dwarf-with-dsym";
				DEVELOPMENT_TEAM = RA662LA7JS;
				ENABLE_NS_ASSERTIONS = NO;
				ENABLE_STRICT_OBJC_MSGSEND = YES;
				ENABLE_USER_SCRIPT_SANDBOXING = YES;
				GCC_C_LANGUAGE_STANDARD = gnu17;
				GCC_NO_COMMON_BLOCKS = YES;
				GCC_WARN_64_TO_32_BIT_CONVERSION = YES;
				GCC_WARN_ABOUT_RETURN_TYPE = YES_ERROR;
				GCC_WARN_UNDECLARED_SELECTOR = YES;
				GCC_WARN_UNINITIALIZED_AUTOS = YES_AGGRESSIVE;
				GCC_WARN_UNUSED_FUNCTION = YES;
				GCC_WARN_UNUSED_VARIABLE = YES;
				LOCALIZATION_PREFERS_STRING_CATALOGS = YES;
				MTL_ENABLE_DEBUG_INFO = NO;
				MTL_FAST_MATH = YES;
				SWIFT_COMPILATION_MODE = wholemodule;
			};
			name = Release;
		};
		BAB04EE32DC00BCD0045546E /* Debug */ = {
			isa = XCBuildConfiguration;
			buildSettings = {
				ASSETCATALOG_COMPILER_APPICON_NAME = AppIcon;
				ASSETCATALOG_COMPILER_GLOBAL_ACCENT_COLOR_NAME = AccentColor;
				CODE_SIGN_ENTITLEMENTS = BlocProject/BlocProject.entitlements;
				CODE_SIGN_STYLE = Automatic;
				CURRENT_PROJECT_VERSION = 1;
				DEVELOPMENT_TEAM = RA662LA7JS;
				ENABLE_HARDENED_RUNTIME = YES;
				ENABLE_PREVIEWS = YES;
				GENERATE_INFOPLIST_FILE = YES;
				"INFOPLIST_KEY_UIApplicationSceneManifest_Generation[sdk=iphoneos*]" = YES;
				"INFOPLIST_KEY_UIApplicationSceneManifest_Generation[sdk=iphonesimulator*]" = YES;
				"INFOPLIST_KEY_UIApplicationSupportsIndirectInputEvents[sdk=iphoneos*]" = YES;
				"INFOPLIST_KEY_UIApplicationSupportsIndirectInputEvents[sdk=iphonesimulator*]" = YES;
				"INFOPLIST_KEY_UILaunchScreen_Generation[sdk=iphoneos*]" = YES;
				"INFOPLIST_KEY_UILaunchScreen_Generation[sdk=iphonesimulator*]" = YES;
				"INFOPLIST_KEY_UIStatusBarStyle[sdk=iphoneos*]" = UIStatusBarStyleDefault;
				"INFOPLIST_KEY_UIStatusBarStyle[sdk=iphonesimulator*]" = UIStatusBarStyleDefault;
				INFOPLIST_KEY_UISupportedInterfaceOrientations_iPad = "UIInterfaceOrientationPortrait UIInterfaceOrientationPortraitUpsideDown UIInterfaceOrientationLandscapeLeft UIInterfaceOrientationLandscapeRight";
				INFOPLIST_KEY_UISupportedInterfaceOrientations_iPhone = "UIInterfaceOrientationPortrait UIInterfaceOrientationLandscapeLeft UIInterfaceOrientationLandscapeRight";
				IPHONEOS_DEPLOYMENT_TARGET = 17.6;
				LD_RUNPATH_SEARCH_PATHS = "@executable_path/Frameworks";
				"LD_RUNPATH_SEARCH_PATHS[sdk=macosx*]" = "@executable_path/../Frameworks";
				MACOSX_DEPLOYMENT_TARGET = 15.4;
				MARKETING_VERSION = 1.0;
				PRODUCT_BUNDLE_IDENTIFIER = sergiofraile.BlocProject;
				PRODUCT_NAME = "$(TARGET_NAME)";
				REGISTER_APP_GROUPS = YES;
				SDKROOT = auto;
				SUPPORTED_PLATFORMS = "iphoneos iphonesimulator macosx xros xrsimulator";
				SWIFT_EMIT_LOC_STRINGS = YES;
				SWIFT_VERSION = 5.0;
				TARGETED_DEVICE_FAMILY = "1,2,7";
				XROS_DEPLOYMENT_TARGET = 2.4;
			};
			name = Debug;
		};
		BAB04EE42DC00BCD0045546E /* Release */ = {
			isa = XCBuildConfiguration;
			buildSettings = {
				ASSETCATALOG_COMPILER_APPICON_NAME = AppIcon;
				ASSETCATALOG_COMPILER_GLOBAL_ACCENT_COLOR_NAME = AccentColor;
				CODE_SIGN_ENTITLEMENTS = BlocProject/BlocProject.entitlements;
				CODE_SIGN_STYLE = Automatic;
				CURRENT_PROJECT_VERSION = 1;
				DEVELOPMENT_TEAM = RA662LA7JS;
				ENABLE_HARDENED_RUNTIME = YES;
				ENABLE_PREVIEWS = YES;
				GENERATE_INFOPLIST_FILE = YES;
				"INFOPLIST_KEY_UIApplicationSceneManifest_Generation[sdk=iphoneos*]" = YES;
				"INFOPLIST_KEY_UIApplicationSceneManifest_Generation[sdk=iphonesimulator*]" = YES;
				"INFOPLIST_KEY_UIApplicationSupportsIndirectInputEvents[sdk=iphoneos*]" = YES;
				"INFOPLIST_KEY_UIApplicationSupportsIndirectInputEvents[sdk=iphonesimulator*]" = YES;
				"INFOPLIST_KEY_UILaunchScreen_Generation[sdk=iphoneos*]" = YES;
				"INFOPLIST_KEY_UILaunchScreen_Generation[sdk=iphonesimulator*]" = YES;
				"INFOPLIST_KEY_UIStatusBarStyle[sdk=iphoneos*]" = UIStatusBarStyleDefault;
				"INFOPLIST_KEY_UIStatusBarStyle[sdk=iphonesimulator*]" = UIStatusBarStyleDefault;
				INFOPLIST_KEY_UISupportedInterfaceOrientations_iPad = "UIInterfaceOrientationPortrait UIInterfaceOrientationPortraitUpsideDown UIInterfaceOrientationLandscapeLeft UIInterfaceOrientationLandscapeRight";
				INFOPLIST_KEY_UISupportedInterfaceOrientations_iPhone = "UIInterfaceOrientationPortrait UIInterfaceOrientationLandscapeLeft UIInterfaceOrientationLandscapeRight";
				IPHONEOS_DEPLOYMENT_TARGET = 17.6;
				LD_RUNPATH_SEARCH_PATHS = "@executable_path/Frameworks";
				"LD_RUNPATH_SEARCH_PATHS[sdk=macosx*]" = "@executable_path/../Frameworks";
				MACOSX_DEPLOYMENT_TARGET = 15.4;
				MARKETING_VERSION = 1.0;
				PRODUCT_BUNDLE_IDENTIFIER = sergiofraile.BlocProject;
				PRODUCT_NAME = "$(TARGET_NAME)";
				REGISTER_APP_GROUPS = YES;
				SDKROOT = auto;
				SUPPORTED_PLATFORMS = "iphoneos iphonesimulator macosx xros xrsimulator";
				SWIFT_EMIT_LOC_STRINGS = YES;
				SWIFT_VERSION = 5.0;
				TARGETED_DEVICE_FAMILY = "1,2,7";
				XROS_DEPLOYMENT_TARGET = 2.4;
			};
			name = Release;
		};
		BAB04EE62DC00BCD0045546E /* Debug */ = {
			isa = XCBuildConfiguration;
			buildSettings = {
				BUNDLE_LOADER = "$(TEST_HOST)";
				CODE_SIGN_STYLE = Automatic;
				CURRENT_PROJECT_VERSION = 1;
				DEVELOPMENT_TEAM = RA662LA7JS;
				GENERATE_INFOPLIST_FILE = YES;
				IPHONEOS_DEPLOYMENT_TARGET = 18.4;
				MACOSX_DEPLOYMENT_TARGET = 15.4;
				MARKETING_VERSION = 1.0;
				PRODUCT_BUNDLE_IDENTIFIER = sergiofraile.BlocProjectTests;
				PRODUCT_NAME = "$(TARGET_NAME)";
				SDKROOT = auto;
				SUPPORTED_PLATFORMS = "iphoneos iphonesimulator macosx xros xrsimulator";
				SWIFT_EMIT_LOC_STRINGS = NO;
				SWIFT_VERSION = 5.0;
				TARGETED_DEVICE_FAMILY = "1,2,7";
				TEST_HOST = "$(BUILT_PRODUCTS_DIR)/BlocProject.app/$(BUNDLE_EXECUTABLE_FOLDER_PATH)/BlocProject";
				XROS_DEPLOYMENT_TARGET = 2.4;
			};
			name = Debug;
		};
		BAB04EE72DC00BCD0045546E /* Release */ = {
			isa = XCBuildConfiguration;
			buildSettings = {
				BUNDLE_LOADER = "$(TEST_HOST)";
				CODE_SIGN_STYLE = Automatic;
				CURRENT_PROJECT_VERSION = 1;
				DEVELOPMENT_TEAM = RA662LA7JS;
				GENERATE_INFOPLIST_FILE = YES;
				IPHONEOS_DEPLOYMENT_TARGET = 18.4;
				MACOSX_DEPLOYMENT_TARGET = 15.4;
				MARKETING_VERSION = 1.0;
				PRODUCT_BUNDLE_IDENTIFIER = sergiofraile.BlocProjectTests;
				PRODUCT_NAME = "$(TARGET_NAME)";
				SDKROOT = auto;
				SUPPORTED_PLATFORMS = "iphoneos iphonesimulator macosx xros xrsimulator";
				SWIFT_EMIT_LOC_STRINGS = NO;
				SWIFT_VERSION = 5.0;
				TARGETED_DEVICE_FAMILY = "1,2,7";
				TEST_HOST = "$(BUILT_PRODUCTS_DIR)/BlocProject.app/$(BUNDLE_EXECUTABLE_FOLDER_PATH)/BlocProject";
				XROS_DEPLOYMENT_TARGET = 2.4;
			};
			name = Release;
		};
		BAB04EE92DC00BCD0045546E /* Debug */ = {
			isa = XCBuildConfiguration;
			buildSettings = {
				CODE_SIGN_STYLE = Automatic;
				CURRENT_PROJECT_VERSION = 1;
				DEVELOPMENT_TEAM = RA662LA7JS;
				GENERATE_INFOPLIST_FILE = YES;
				IPHONEOS_DEPLOYMENT_TARGET = 18.4;
				MACOSX_DEPLOYMENT_TARGET = 15.4;
				MARKETING_VERSION = 1.0;
				PRODUCT_BUNDLE_IDENTIFIER = sergiofraile.BlocProjectUITests;
				PRODUCT_NAME = "$(TARGET_NAME)";
				SDKROOT = auto;
				SUPPORTED_PLATFORMS = "iphoneos iphonesimulator macosx xros xrsimulator";
				SWIFT_EMIT_LOC_STRINGS = NO;
				SWIFT_VERSION = 5.0;
				TARGETED_DEVICE_FAMILY = "1,2,7";
				TEST_TARGET_NAME = BlocProject;
				XROS_DEPLOYMENT_TARGET = 2.4;
			};
			name = Debug;
		};
		BAB04EEA2DC00BCD0045546E /* Release */ = {
			isa = XCBuildConfiguration;
			buildSettings = {
				CODE_SIGN_STYLE = Automatic;
				CURRENT_PROJECT_VERSION = 1;
				DEVELOPMENT_TEAM = RA662LA7JS;
				GENERATE_INFOPLIST_FILE = YES;
				IPHONEOS_DEPLOYMENT_TARGET = 18.4;
				MACOSX_DEPLOYMENT_TARGET = 15.4;
				MARKETING_VERSION = 1.0;
				PRODUCT_BUNDLE_IDENTIFIER = sergiofraile.BlocProjectUITests;
				PRODUCT_NAME = "$(TARGET_NAME)";
				SDKROOT = auto;
				SUPPORTED_PLATFORMS = "iphoneos iphonesimulator macosx xros xrsimulator";
				SWIFT_EMIT_LOC_STRINGS = NO;
				SWIFT_VERSION = 5.0;
				TARGETED_DEVICE_FAMILY = "1,2,7";
				TEST_TARGET_NAME = BlocProject;
				XROS_DEPLOYMENT_TARGET = 2.4;
			};
			name = Release;
		};
/* End XCBuildConfiguration section */

/* Begin XCConfigurationList section */
		BAB04EBB2DC00BCC0045546E /* Build configuration list for PBXProject "BlocProject" */ = {
			isa = XCConfigurationList;
			buildConfigurations = (
				BAB04EE02DC00BCD0045546E /* Debug */,
				BAB04EE12DC00BCD0045546E /* Release */,
			);
			defaultConfigurationIsVisible = 0;
			defaultConfigurationName = Release;
		};
		BAB04EE22DC00BCD0045546E /* Build configuration list for PBXNativeTarget "BlocProject" */ = {
			isa = XCConfigurationList;
			buildConfigurations = (
				BAB04EE32DC00BCD0045546E /* Debug */,
				BAB04EE42DC00BCD0045546E /* Release */,
			);
			defaultConfigurationIsVisible = 0;
			defaultConfigurationName = Release;
		};
		BAB04EE52DC00BCD0045546E /* Build configuration list for PBXNativeTarget "BlocProjectTests" */ = {
			isa = XCConfigurationList;
			buildConfigurations = (
				BAB04EE62DC00BCD0045546E /* Debug */,
				BAB04EE72DC00BCD0045546E /* Release */,
			);
			defaultConfigurationIsVisible = 0;
			defaultConfigurationName = Release;
		};
		BAB04EE82DC00BCD0045546E /* Build configuration list for PBXNativeTarget "BlocProjectUITests" */ = {
			isa = XCConfigurationList;
			buildConfigurations = (
				BAB04EE92DC00BCD0045546E /* Debug */,
				BAB04EEA2DC00BCD0045546E /* Release */,
			);
			defaultConfigurationIsVisible = 0;
			defaultConfigurationName = Release;
		};
/* End XCConfigurationList section */

/* Begin XCLocalSwiftPackageReference section */
		52EED43A2E0C3943008FE551 /* XCLocalSwiftPackageReference "Bloc" */ = {
			isa = XCLocalSwiftPackageReference;
			relativePath = Bloc;
		};
/* End XCLocalSwiftPackageReference section */

/* Begin XCRemoteSwiftPackageReference section */
		BA16EBB32E0C9A19009F9372 /* XCRemoteSwiftPackageReference "Alamofire" */ = {
			isa = XCRemoteSwiftPackageReference;
			repositoryURL = "https://github.com/Alamofire/Alamofire.git";
			requirement = {
				kind = upToNextMajorVersion;
				minimumVersion = 5.10.2;
			};
		};
		BA16EBB62E0C9A50009F9372 /* XCRemoteSwiftPackageReference "Pulse" */ = {
			isa = XCRemoteSwiftPackageReference;
			repositoryURL = "https://github.com/kean/Pulse";
			requirement = {
				kind = upToNextMajorVersion;
				minimumVersion = 5.1.4;
			};
		};
/* End XCRemoteSwiftPackageReference section */

/* Begin XCSwiftPackageProductDependency section */
		52EDAC932E0BF7580005502B /* Bloc */ = {
			isa = XCSwiftPackageProductDependency;
			productName = Bloc;
		};
		52EED43B2E0C3943008FE551 /* Bloc */ = {
			isa = XCSwiftPackageProductDependency;
			productName = Bloc;
		};
		BA16EBB42E0C9A19009F9372 /* Alamofire */ = {
			isa = XCSwiftPackageProductDependency;
			package = BA16EBB32E0C9A19009F9372 /* XCRemoteSwiftPackageReference "Alamofire" */;
			productName = Alamofire;
		};
		BA16EBB72E0C9A50009F9372 /* Pulse */ = {
			isa = XCSwiftPackageProductDependency;
			package = BA16EBB62E0C9A50009F9372 /* XCRemoteSwiftPackageReference "Pulse" */;
			productName = Pulse;
		};
/* End XCSwiftPackageProductDependency section */
	};
	rootObject = BAB04EB82DC00BCC0045546E /* Project object */;
}
